<?xml version="1.0" encoding="utf-8"?>
<Project ToolsVersion="4.0" xmlns="http://schemas.microsoft.com/developer/msbuild/2003">
  <ItemGroup>
    <Filter Include="Source Files">
      <UniqueIdentifier>{4FC737F1-C7A5-4376-A066-2A32D752A2FF}</UniqueIdentifier>
      <Extensions>cpp;c;cc;cxx;def;odl;idl;hpj;bat;asm;asmx</Extensions>
    </Filter>
    <Filter Include="Header Files">
      <UniqueIdentifier>{93995380-89BD-4b04-88EB-625FBE52EBFB}</UniqueIdentifier>
      <Extensions>h;hh;hpp;hxx;hm;inl;inc;xsd</Extensions>
    </Filter>
    <Filter Include="Resource Files">
      <UniqueIdentifier>{67DA6AB6-F800-4c08-8B7A-83BB121AAD01}</UniqueIdentifier>
      <Extensions>rc;ico;cur;bmp;dlg;rc2;rct;bin;rgs;gif;jpg;jpeg;jpe;resx;tiff;tif;png;wav</Extensions>
    </Filter>
  </ItemGroup>
  <ItemGroup>
    <ClCompile Include="src\settings.c">
      <Filter>Source Files</Filter>
    </ClCompile>
    <ClCompile Include="src\aead\ccm.c">
      <Filter>Source Files</Filter>
    </ClCompile>
    <ClCompile Include="src\aead\eax.c">
      <Filter>Source Files</Filter>
    </ClCompile>
    <ClCompile Include="src\aead\gcm.c">
      <Filter>Source Files</Filter>
    </ClCompile>
    <ClCompile Include="src\codec\ccopy.c">
      <Filter>Source Files</Filter>
    </ClCompile>
    <ClCompile Include="src\codec\dec16be.c">
      <Filter>Source Files</Filter>
    </ClCompile>
    <ClCompile Include="src\codec\dec16le.c">
      <Filter>Source Files</Filter>
    </ClCompile>
    <ClCompile Include="src\codec\dec32be.c">
      <Filter>Source Files</Filter>
    </ClCompile>
    <ClCompile Include="src\codec\dec32le.c">
      <Filter>Source Files</Filter>
    </ClCompile>
    <ClCompile Include="src\codec\dec64be.c">
      <Filter>Source Files</Filter>
    </ClCompile>
    <ClCompile Include="src\codec\dec64le.c">
      <Filter>Source Files</Filter>
    </ClCompile>
    <ClCompile Include="src\codec\enc16be.c">
      <Filter>Source Files</Filter>
    </ClCompile>
    <ClCompile Include="src\codec\enc16le.c">
      <Filter>Source Files</Filter>
    </ClCompile>
    <ClCompile Include="src\codec\enc32be.c">
      <Filter>Source Files</Filter>
    </ClCompile>
    <ClCompile Include="src\codec\enc32le.c">
      <Filter>Source Files</Filter>
    </ClCompile>
    <ClCompile Include="src\codec\enc64be.c">
      <Filter>Source Files</Filter>
    </ClCompile>
    <ClCompile Include="src\codec\enc64le.c">
      <Filter>Source Files</Filter>
    </ClCompile>
    <ClCompile Include="src\codec\pemdec.c">
      <Filter>Source Files</Filter>
    </ClCompile>
    <ClCompile Include="src\ec\ecdsa_atr.c">
      <Filter>Source Files</Filter>
    </ClCompile>
    <ClCompile Include="src\ec\ecdsa_default_sign_asn1.c">
      <Filter>Source Files</Filter>
    </ClCompile>
    <ClCompile Include="src\ec\ecdsa_default_sign_raw.c">
      <Filter>Source Files</Filter>
    </ClCompile>
    <ClCompile Include="src\ec\ecdsa_default_vrfy_asn1.c">
      <Filter>Source Files</Filter>
    </ClCompile>
    <ClCompile Include="src\ec\ecdsa_default_vrfy_raw.c">
      <Filter>Source Files</Filter>
    </ClCompile>
    <ClCompile Include="src\ec\ecdsa_i15_bits.c">
      <Filter>Source Files</Filter>
    </ClCompile>
    <ClCompile Include="src\ec\ecdsa_i15_sign_asn1.c">
      <Filter>Source Files</Filter>
    </ClCompile>
    <ClCompile Include="src\ec\ecdsa_i15_sign_raw.c">
      <Filter>Source Files</Filter>
    </ClCompile>
    <ClCompile Include="src\ec\ecdsa_i15_vrfy_asn1.c">
      <Filter>Source Files</Filter>
    </ClCompile>
    <ClCompile Include="src\ec\ecdsa_i15_vrfy_raw.c">
      <Filter>Source Files</Filter>
    </ClCompile>
    <ClCompile Include="src\ec\ecdsa_i31_bits.c">
      <Filter>Source Files</Filter>
    </ClCompile>
    <ClCompile Include="src\ec\ecdsa_i31_sign_asn1.c">
      <Filter>Source Files</Filter>
    </ClCompile>
    <ClCompile Include="src\ec\ecdsa_i31_sign_raw.c">
      <Filter>Source Files</Filter>
    </ClCompile>
    <ClCompile Include="src\ec\ecdsa_i31_vrfy_asn1.c">
      <Filter>Source Files</Filter>
    </ClCompile>
    <ClCompile Include="src\ec\ecdsa_i31_vrfy_raw.c">
      <Filter>Source Files</Filter>
    </ClCompile>
    <ClCompile Include="src\ec\ecdsa_rta.c">
      <Filter>Source Files</Filter>
    </ClCompile>
    <ClCompile Include="src\ec\ec_all_m15.c">
      <Filter>Source Files</Filter>
    </ClCompile>
    <ClCompile Include="src\ec\ec_all_m31.c">
      <Filter>Source Files</Filter>
    </ClCompile>
    <ClCompile Include="src\ec\ec_c25519_i15.c">
      <Filter>Source Files</Filter>
    </ClCompile>
    <ClCompile Include="src\ec\ec_c25519_i31.c">
      <Filter>Source Files</Filter>
    </ClCompile>
    <ClCompile Include="src\ec\ec_c25519_m15.c">
      <Filter>Source Files</Filter>
    </ClCompile>
    <ClCompile Include="src\ec\ec_c25519_m31.c">
      <Filter>Source Files</Filter>
    </ClCompile>
    <ClCompile Include="src\ec\ec_curve25519.c">
      <Filter>Source Files</Filter>
    </ClCompile>
    <ClCompile Include="src\ec\ec_default.c">
      <Filter>Source Files</Filter>
    </ClCompile>
    <ClCompile Include="src\ec\ec_p256_m15.c">
      <Filter>Source Files</Filter>
    </ClCompile>
    <ClCompile Include="src\ec\ec_p256_m31.c">
      <Filter>Source Files</Filter>
    </ClCompile>
    <ClCompile Include="src\ec\ec_prime_i15.c">
      <Filter>Source Files</Filter>
    </ClCompile>
    <ClCompile Include="src\ec\ec_prime_i31.c">
      <Filter>Source Files</Filter>
    </ClCompile>
    <ClCompile Include="src\ec\ec_secp256r1.c">
      <Filter>Source Files</Filter>
    </ClCompile>
    <ClCompile Include="src\ec\ec_secp384r1.c">
      <Filter>Source Files</Filter>
    </ClCompile>
    <ClCompile Include="src\ec\ec_secp521r1.c">
      <Filter>Source Files</Filter>
    </ClCompile>
    <ClCompile Include="src\hash\dig_oid.c">
      <Filter>Source Files</Filter>
    </ClCompile>
    <ClCompile Include="src\hash\dig_size.c">
      <Filter>Source Files</Filter>
    </ClCompile>
    <ClCompile Include="src\hash\ghash_ctmul.c">
      <Filter>Source Files</Filter>
    </ClCompile>
    <ClCompile Include="src\hash\ghash_ctmul32.c">
      <Filter>Source Files</Filter>
    </ClCompile>
    <ClCompile Include="src\hash\ghash_ctmul64.c">
      <Filter>Source Files</Filter>
    </ClCompile>
    <ClCompile Include="src\hash\ghash_pclmul.c">
      <Filter>Source Files</Filter>
    </ClCompile>
    <ClCompile Include="src\hash\ghash_pwr8.c">
      <Filter>Source Files</Filter>
    </ClCompile>
    <ClCompile Include="src\hash\md5.c">
      <Filter>Source Files</Filter>
    </ClCompile>
    <ClCompile Include="src\hash\md5sha1.c">
      <Filter>Source Files</Filter>
    </ClCompile>
    <ClCompile Include="src\hash\multihash.c">
      <Filter>Source Files</Filter>
    </ClCompile>
    <ClCompile Include="src\hash\sha1.c">
      <Filter>Source Files</Filter>
    </ClCompile>
    <ClCompile Include="src\hash\sha2big.c">
      <Filter>Source Files</Filter>
    </ClCompile>
    <ClCompile Include="src\hash\sha2small.c">
      <Filter>Source Files</Filter>
    </ClCompile>
    <ClCompile Include="src\int\i15_add.c">
      <Filter>Source Files</Filter>
    </ClCompile>
    <ClCompile Include="src\int\i15_bitlen.c">
      <Filter>Source Files</Filter>
    </ClCompile>
    <ClCompile Include="src\int\i15_decmod.c">
      <Filter>Source Files</Filter>
    </ClCompile>
    <ClCompile Include="src\int\i15_decode.c">
      <Filter>Source Files</Filter>
    </ClCompile>
    <ClCompile Include="src\int\i15_decred.c">
      <Filter>Source Files</Filter>
    </ClCompile>
    <ClCompile Include="src\int\i15_encode.c">
      <Filter>Source Files</Filter>
    </ClCompile>
    <ClCompile Include="src\int\i15_fmont.c">
      <Filter>Source Files</Filter>
    </ClCompile>
    <ClCompile Include="src\int\i15_iszero.c">
      <Filter>Source Files</Filter>
    </ClCompile>
    <ClCompile Include="src\int\i15_modpow.c">
      <Filter>Source Files</Filter>
    </ClCompile>
    <ClCompile Include="src\int\i15_modpow2.c">
      <Filter>Source Files</Filter>
    </ClCompile>
    <ClCompile Include="src\int\i15_montmul.c">
      <Filter>Source Files</Filter>
    </ClCompile>
    <ClCompile Include="src\int\i15_mulacc.c">
      <Filter>Source Files</Filter>
    </ClCompile>
    <ClCompile Include="src\int\i15_muladd.c">
      <Filter>Source Files</Filter>
    </ClCompile>
    <ClCompile Include="src\int\i15_ninv15.c">
      <Filter>Source Files</Filter>
    </ClCompile>
    <ClCompile Include="src\int\i15_reduce.c">
      <Filter>Source Files</Filter>
    </ClCompile>
    <ClCompile Include="src\int\i15_rshift.c">
      <Filter>Source Files</Filter>
    </ClCompile>
    <ClCompile Include="src\int\i15_sub.c">
      <Filter>Source Files</Filter>
    </ClCompile>
    <ClCompile Include="src\int\i15_tmont.c">
      <Filter>Source Files</Filter>
    </ClCompile>
    <ClCompile Include="src\int\i31_add.c">
      <Filter>Source Files</Filter>
    </ClCompile>
    <ClCompile Include="src\int\i31_bitlen.c">
      <Filter>Source Files</Filter>
    </ClCompile>
    <ClCompile Include="src\int\i31_decmod.c">
      <Filter>Source Files</Filter>
    </ClCompile>
    <ClCompile Include="src\int\i31_decode.c">
      <Filter>Source Files</Filter>
    </ClCompile>
    <ClCompile Include="src\int\i31_decred.c">
      <Filter>Source Files</Filter>
    </ClCompile>
    <ClCompile Include="src\int\i31_encode.c">
      <Filter>Source Files</Filter>
    </ClCompile>
    <ClCompile Include="src\int\i31_fmont.c">
      <Filter>Source Files</Filter>
    </ClCompile>
    <ClCompile Include="src\int\i31_iszero.c">
      <Filter>Source Files</Filter>
    </ClCompile>
    <ClCompile Include="src\int\i31_modpow.c">
      <Filter>Source Files</Filter>
    </ClCompile>
    <ClCompile Include="src\int\i31_modpow2.c">
      <Filter>Source Files</Filter>
    </ClCompile>
    <ClCompile Include="src\int\i31_montmul.c">
      <Filter>Source Files</Filter>
    </ClCompile>
    <ClCompile Include="src\int\i31_mulacc.c">
      <Filter>Source Files</Filter>
    </ClCompile>
    <ClCompile Include="src\int\i31_muladd.c">
      <Filter>Source Files</Filter>
    </ClCompile>
    <ClCompile Include="src\int\i31_ninv31.c">
      <Filter>Source Files</Filter>
    </ClCompile>
    <ClCompile Include="src\int\i31_reduce.c">
      <Filter>Source Files</Filter>
    </ClCompile>
    <ClCompile Include="src\int\i31_rshift.c">
      <Filter>Source Files</Filter>
    </ClCompile>
    <ClCompile Include="src\int\i31_sub.c">
      <Filter>Source Files</Filter>
    </ClCompile>
    <ClCompile Include="src\int\i31_tmont.c">
      <Filter>Source Files</Filter>
    </ClCompile>
    <ClCompile Include="src\int\i32_add.c">
      <Filter>Source Files</Filter>
    </ClCompile>
    <ClCompile Include="src\int\i32_bitlen.c">
      <Filter>Source Files</Filter>
    </ClCompile>
    <ClCompile Include="src\int\i32_decmod.c">
      <Filter>Source Files</Filter>
    </ClCompile>
    <ClCompile Include="src\int\i32_decode.c">
      <Filter>Source Files</Filter>
    </ClCompile>
    <ClCompile Include="src\int\i32_decred.c">
      <Filter>Source Files</Filter>
    </ClCompile>
    <ClCompile Include="src\int\i32_div32.c">
      <Filter>Source Files</Filter>
    </ClCompile>
    <ClCompile Include="src\int\i32_encode.c">
      <Filter>Source Files</Filter>
    </ClCompile>
    <ClCompile Include="src\int\i32_fmont.c">
      <Filter>Source Files</Filter>
    </ClCompile>
    <ClCompile Include="src\int\i32_iszero.c">
      <Filter>Source Files</Filter>
    </ClCompile>
    <ClCompile Include="src\int\i32_modpow.c">
      <Filter>Source Files</Filter>
    </ClCompile>
    <ClCompile Include="src\int\i32_montmul.c">
      <Filter>Source Files</Filter>
    </ClCompile>
    <ClCompile Include="src\int\i32_mulacc.c">
      <Filter>Source Files</Filter>
    </ClCompile>
    <ClCompile Include="src\int\i32_muladd.c">
      <Filter>Source Files</Filter>
    </ClCompile>
    <ClCompile Include="src\int\i32_ninv32.c">
      <Filter>Source Files</Filter>
    </ClCompile>
    <ClCompile Include="src\int\i32_reduce.c">
      <Filter>Source Files</Filter>
    </ClCompile>
    <ClCompile Include="src\int\i32_sub.c">
      <Filter>Source Files</Filter>
    </ClCompile>
    <ClCompile Include="src\int\i32_tmont.c">
      <Filter>Source Files</Filter>
    </ClCompile>
    <ClCompile Include="src\int\i62_modpow2.c">
      <Filter>Source Files</Filter>
    </ClCompile>
    <ClCompile Include="src\mac\hmac.c">
      <Filter>Source Files</Filter>
    </ClCompile>
    <ClCompile Include="src\mac\hmac_ct.c">
      <Filter>Source Files</Filter>
    </ClCompile>
    <ClCompile Include="src\rand\hmac_drbg.c">
      <Filter>Source Files</Filter>
    </ClCompile>
    <ClCompile Include="src\rand\sysrng.c">
      <Filter>Source Files</Filter>
    </ClCompile>
    <ClCompile Include="src\rsa\rsa_default_pkcs1_sign.c">
      <Filter>Source Files</Filter>
    </ClCompile>
    <ClCompile Include="src\rsa\rsa_default_pkcs1_vrfy.c">
      <Filter>Source Files</Filter>
    </ClCompile>
    <ClCompile Include="src\rsa\rsa_default_priv.c">
      <Filter>Source Files</Filter>
    </ClCompile>
    <ClCompile Include="src\rsa\rsa_default_pub.c">
      <Filter>Source Files</Filter>
    </ClCompile>
    <ClCompile Include="src\rsa\rsa_i15_pkcs1_sign.c">
      <Filter>Source Files</Filter>
    </ClCompile>
    <ClCompile Include="src\rsa\rsa_i15_pkcs1_vrfy.c">
      <Filter>Source Files</Filter>
    </ClCompile>
    <ClCompile Include="src\rsa\rsa_i15_priv.c">
      <Filter>Source Files</Filter>
    </ClCompile>
    <ClCompile Include="src\rsa\rsa_i15_pub.c">
      <Filter>Source Files</Filter>
    </ClCompile>
    <ClCompile Include="src\rsa\rsa_i31_pkcs1_sign.c">
      <Filter>Source Files</Filter>
    </ClCompile>
    <ClCompile Include="src\rsa\rsa_i31_pkcs1_vrfy.c">
      <Filter>Source Files</Filter>
    </ClCompile>
    <ClCompile Include="src\rsa\rsa_i31_priv.c">
      <Filter>Source Files</Filter>
    </ClCompile>
    <ClCompile Include="src\rsa\rsa_i31_pub.c">
      <Filter>Source Files</Filter>
    </ClCompile>
    <ClCompile Include="src\rsa\rsa_i32_pkcs1_sign.c">
      <Filter>Source Files</Filter>
    </ClCompile>
    <ClCompile Include="src\rsa\rsa_i32_pkcs1_vrfy.c">
      <Filter>Source Files</Filter>
    </ClCompile>
    <ClCompile Include="src\rsa\rsa_i32_priv.c">
      <Filter>Source Files</Filter>
    </ClCompile>
    <ClCompile Include="src\rsa\rsa_i32_pub.c">
      <Filter>Source Files</Filter>
    </ClCompile>
    <ClCompile Include="src\rsa\rsa_i62_pkcs1_sign.c">
      <Filter>Source Files</Filter>
    </ClCompile>
    <ClCompile Include="src\rsa\rsa_i62_pkcs1_vrfy.c">
      <Filter>Source Files</Filter>
    </ClCompile>
    <ClCompile Include="src\rsa\rsa_i62_priv.c">
      <Filter>Source Files</Filter>
    </ClCompile>
    <ClCompile Include="src\rsa\rsa_i62_pub.c">
      <Filter>Source Files</Filter>
    </ClCompile>
    <ClCompile Include="src\rsa\rsa_pkcs1_sig_pad.c">
      <Filter>Source Files</Filter>
    </ClCompile>
    <ClCompile Include="src\rsa\rsa_pkcs1_sig_unpad.c">
      <Filter>Source Files</Filter>
    </ClCompile>
    <ClCompile Include="src\rsa\rsa_ssl_decrypt.c">
      <Filter>Source Files</Filter>
    </ClCompile>
    <ClCompile Include="src\ssl\prf.c">
      <Filter>Source Files</Filter>
    </ClCompile>
    <ClCompile Include="src\ssl\prf_md5sha1.c">
      <Filter>Source Files</Filter>
    </ClCompile>
    <ClCompile Include="src\ssl\prf_sha256.c">
      <Filter>Source Files</Filter>
    </ClCompile>
    <ClCompile Include="src\ssl\prf_sha384.c">
      <Filter>Source Files</Filter>
    </ClCompile>
    <ClCompile Include="src\ssl\ssl_ccert_single_ec.c">
      <Filter>Source Files</Filter>
    </ClCompile>
    <ClCompile Include="src\ssl\ssl_ccert_single_rsa.c">
      <Filter>Source Files</Filter>
    </ClCompile>
    <ClCompile Include="src\ssl\ssl_client.c">
      <Filter>Source Files</Filter>
    </ClCompile>
    <ClCompile Include="src\ssl\ssl_client_default_rsapub.c">
      <Filter>Source Files</Filter>
    </ClCompile>
    <ClCompile Include="src\ssl\ssl_client_full.c">
      <Filter>Source Files</Filter>
    </ClCompile>
    <ClCompile Include="src\ssl\ssl_engine.c">
      <Filter>Source Files</Filter>
    </ClCompile>
    <ClCompile Include="src\ssl\ssl_engine_default_aescbc.c">
      <Filter>Source Files</Filter>
    </ClCompile>
    <ClCompile Include="src\ssl\ssl_engine_default_aesgcm.c">
      <Filter>Source Files</Filter>
    </ClCompile>
    <ClCompile Include="src\ssl\ssl_engine_default_chapol.c">
      <Filter>Source Files</Filter>
    </ClCompile>
    <ClCompile Include="src\ssl\ssl_engine_default_descbc.c">
      <Filter>Source Files</Filter>
    </ClCompile>
    <ClCompile Include="src\ssl\ssl_engine_default_ec.c">
      <Filter>Source Files</Filter>
    </ClCompile>
    <ClCompile Include="src\ssl\ssl_engine_default_ecdsa.c">
      <Filter>Source Files</Filter>
    </ClCompile>
    <ClCompile Include="src\ssl\ssl_engine_default_rsavrfy.c">
      <Filter>Source Files</Filter>
    </ClCompile>
    <ClCompile Include="src\ssl\ssl_hashes.c">
      <Filter>Source Files</Filter>
    </ClCompile>
    <ClCompile Include="src\ssl\ssl_hs_client.c">
      <Filter>Source Files</Filter>
    </ClCompile>
    <ClCompile Include="src\ssl\ssl_hs_server.c">
      <Filter>Source Files</Filter>
    </ClCompile>
    <ClCompile Include="src\ssl\ssl_io.c">
      <Filter>Source Files</Filter>
    </ClCompile>
    <ClCompile Include="src\ssl\ssl_keyexport.c">
      <Filter>Source Files</Filter>
    </ClCompile>
    <ClCompile Include="src\ssl\ssl_lru.c">
      <Filter>Source Files</Filter>
    </ClCompile>
    <ClCompile Include="src\ssl\ssl_rec_cbc.c">
      <Filter>Source Files</Filter>
    </ClCompile>
    <ClCompile Include="src\ssl\ssl_rec_chapol.c">
      <Filter>Source Files</Filter>
    </ClCompile>
    <ClCompile Include="src\ssl\ssl_rec_gcm.c">
      <Filter>Source Files</Filter>
    </ClCompile>
    <ClCompile Include="src\ssl\ssl_scert_single_ec.c">
      <Filter>Source Files</Filter>
    </ClCompile>
    <ClCompile Include="src\ssl\ssl_scert_single_rsa.c">
      <Filter>Source Files</Filter>
    </ClCompile>
    <ClCompile Include="src\ssl\ssl_server.c">
      <Filter>Source Files</Filter>
    </ClCompile>
    <ClCompile Include="src\ssl\ssl_server_full_ec.c">
      <Filter>Source Files</Filter>
    </ClCompile>
    <ClCompile Include="src\ssl\ssl_server_full_rsa.c">
      <Filter>Source Files</Filter>
    </ClCompile>
    <ClCompile Include="src\ssl\ssl_server_mine2c.c">
      <Filter>Source Files</Filter>
    </ClCompile>
    <ClCompile Include="src\ssl\ssl_server_mine2g.c">
      <Filter>Source Files</Filter>
    </ClCompile>
    <ClCompile Include="src\ssl\ssl_server_minf2c.c">
      <Filter>Source Files</Filter>
    </ClCompile>
    <ClCompile Include="src\ssl\ssl_server_minf2g.c">
      <Filter>Source Files</Filter>
    </ClCompile>
    <ClCompile Include="src\ssl\ssl_server_minr2g.c">
      <Filter>Source Files</Filter>
    </ClCompile>
    <ClCompile Include="src\ssl\ssl_server_minu2g.c">
      <Filter>Source Files</Filter>
    </ClCompile>
    <ClCompile Include="src\ssl\ssl_server_minv2g.c">
      <Filter>Source Files</Filter>
    </ClCompile>
    <ClCompile Include="src\symcipher\aes_big_cbcdec.c">
      <Filter>Source Files</Filter>
    </ClCompile>
    <ClCompile Include="src\symcipher\aes_big_cbcenc.c">
      <Filter>Source Files</Filter>
    </ClCompile>
    <ClCompile Include="src\symcipher\aes_big_ctr.c">
      <Filter>Source Files</Filter>
    </ClCompile>
    <ClCompile Include="src\symcipher\aes_big_ctrcbc.c">
      <Filter>Source Files</Filter>
    </ClCompile>
    <ClCompile Include="src\symcipher\aes_big_dec.c">
      <Filter>Source Files</Filter>
    </ClCompile>
    <ClCompile Include="src\symcipher\aes_big_enc.c">
      <Filter>Source Files</Filter>
    </ClCompile>
    <ClCompile Include="src\symcipher\aes_common.c">
      <Filter>Source Files</Filter>
    </ClCompile>
    <ClCompile Include="src\symcipher\aes_ct.c">
      <Filter>Source Files</Filter>
    </ClCompile>
    <ClCompile Include="src\symcipher\aes_ct64.c">
      <Filter>Source Files</Filter>
    </ClCompile>
    <ClCompile Include="src\symcipher\aes_ct64_cbcdec.c">
      <Filter>Source Files</Filter>
    </ClCompile>
    <ClCompile Include="src\symcipher\aes_ct64_cbcenc.c">
      <Filter>Source Files</Filter>
    </ClCompile>
    <ClCompile Include="src\symcipher\aes_ct64_ctr.c">
      <Filter>Source Files</Filter>
    </ClCompile>
    <ClCompile Include="src\symcipher\aes_ct64_ctrcbc.c">
      <Filter>Source Files</Filter>
    </ClCompile>
    <ClCompile Include="src\symcipher\aes_ct64_dec.c">
      <Filter>Source Files</Filter>
    </ClCompile>
    <ClCompile Include="src\symcipher\aes_ct64_enc.c">
      <Filter>Source Files</Filter>
    </ClCompile>
    <ClCompile Include="src\symcipher\aes_ct_cbcdec.c">
      <Filter>Source Files</Filter>
    </ClCompile>
    <ClCompile Include="src\symcipher\aes_ct_cbcenc.c">
      <Filter>Source Files</Filter>
    </ClCompile>
    <ClCompile Include="src\symcipher\aes_ct_ctr.c">
      <Filter>Source Files</Filter>
    </ClCompile>
    <ClCompile Include="src\symcipher\aes_ct_ctrcbc.c">
      <Filter>Source Files</Filter>
    </ClCompile>
    <ClCompile Include="src\symcipher\aes_ct_dec.c">
      <Filter>Source Files</Filter>
    </ClCompile>
    <ClCompile Include="src\symcipher\aes_ct_enc.c">
      <Filter>Source Files</Filter>
    </ClCompile>
    <ClCompile Include="src\symcipher\aes_pwr8.c">
      <Filter>Source Files</Filter>
    </ClCompile>
    <ClCompile Include="src\symcipher\aes_pwr8_cbcdec.c">
      <Filter>Source Files</Filter>
    </ClCompile>
    <ClCompile Include="src\symcipher\aes_pwr8_cbcenc.c">
      <Filter>Source Files</Filter>
    </ClCompile>
    <ClCompile Include="src\symcipher\aes_pwr8_ctr.c">
      <Filter>Source Files</Filter>
    </ClCompile>
    <ClCompile Include="src\symcipher\aes_small_cbcdec.c">
      <Filter>Source Files</Filter>
    </ClCompile>
    <ClCompile Include="src\symcipher\aes_small_cbcenc.c">
      <Filter>Source Files</Filter>
    </ClCompile>
    <ClCompile Include="src\symcipher\aes_small_ctr.c">
      <Filter>Source Files</Filter>
    </ClCompile>
    <ClCompile Include="src\symcipher\aes_small_ctrcbc.c">
      <Filter>Source Files</Filter>
    </ClCompile>
    <ClCompile Include="src\symcipher\aes_small_dec.c">
      <Filter>Source Files</Filter>
    </ClCompile>
    <ClCompile Include="src\symcipher\aes_small_enc.c">
      <Filter>Source Files</Filter>
    </ClCompile>
    <ClCompile Include="src\symcipher\aes_x86ni.c">
      <Filter>Source Files</Filter>
    </ClCompile>
    <ClCompile Include="src\symcipher\aes_x86ni_cbcdec.c">
      <Filter>Source Files</Filter>
    </ClCompile>
    <ClCompile Include="src\symcipher\aes_x86ni_cbcenc.c">
      <Filter>Source Files</Filter>
    </ClCompile>
    <ClCompile Include="src\symcipher\aes_x86ni_ctr.c">
      <Filter>Source Files</Filter>
    </ClCompile>
    <ClCompile Include="src\symcipher\aes_x86ni_ctrcbc.c">
      <Filter>Source Files</Filter>
    </ClCompile>
    <ClCompile Include="src\symcipher\chacha20_ct.c">
      <Filter>Source Files</Filter>
    </ClCompile>
    <ClCompile Include="src\symcipher\chacha20_sse2.c">
      <Filter>Source Files</Filter>
    </ClCompile>
    <ClCompile Include="src\symcipher\des_ct.c">
      <Filter>Source Files</Filter>
    </ClCompile>
    <ClCompile Include="src\symcipher\des_ct_cbcdec.c">
      <Filter>Source Files</Filter>
    </ClCompile>
    <ClCompile Include="src\symcipher\des_ct_cbcenc.c">
      <Filter>Source Files</Filter>
    </ClCompile>
    <ClCompile Include="src\symcipher\des_support.c">
      <Filter>Source Files</Filter>
    </ClCompile>
    <ClCompile Include="src\symcipher\des_tab.c">
      <Filter>Source Files</Filter>
    </ClCompile>
    <ClCompile Include="src\symcipher\des_tab_cbcdec.c">
      <Filter>Source Files</Filter>
    </ClCompile>
    <ClCompile Include="src\symcipher\des_tab_cbcenc.c">
      <Filter>Source Files</Filter>
    </ClCompile>
    <ClCompile Include="src\symcipher\poly1305_ctmul.c">
      <Filter>Source Files</Filter>
    </ClCompile>
    <ClCompile Include="src\symcipher\poly1305_ctmul32.c">
      <Filter>Source Files</Filter>
    </ClCompile>
    <ClCompile Include="src\symcipher\poly1305_ctmulq.c">
      <Filter>Source Files</Filter>
    </ClCompile>
    <ClCompile Include="src\symcipher\poly1305_i15.c">
      <Filter>Source Files</Filter>
    </ClCompile>
    <ClCompile Include="src\x509\skey_decoder.c">
      <Filter>Source Files</Filter>
    </ClCompile>
    <ClCompile Include="src\x509\x509_decoder.c">
      <Filter>Source Files</Filter>
    </ClCompile>
    <ClCompile Include="src\x509\x509_knownkey.c">
      <Filter>Source Files</Filter>
    </ClCompile>
    <ClCompile Include="src\x509\x509_minimal.c">
      <Filter>Source Files</Filter>
    </ClCompile>
    <ClCompile Include="src\x509\x509_minimal_full.c">
      <Filter>Source Files</Filter>
    </ClCompile>
    <ClCompile Include="tools\brssl.c">
      <Filter>Source Files</Filter>
    </ClCompile>
    <ClCompile Include="tools\certs.c">
      <Filter>Source Files</Filter>
    </ClCompile>
    <ClCompile Include="tools\chain.c">
      <Filter>Source Files</Filter>
    </ClCompile>
    <ClCompile Include="tools\client.c">
      <Filter>Source Files</Filter>
    </ClCompile>
    <ClCompile Include="tools\errors.c">
      <Filter>Source Files</Filter>
    </ClCompile>
    <ClCompile Include="tools\files.c">
      <Filter>Source Files</Filter>
    </ClCompile>
    <ClCompile Include="tools\impl.c">
      <Filter>Source Files</Filter>
    </ClCompile>
    <ClCompile Include="tools\keys.c">
      <Filter>Source Files</Filter>
    </ClCompile>
    <ClCompile Include="tools\names.c">
      <Filter>Source Files</Filter>
    </ClCompile>
    <ClCompile Include="tools\server.c">
      <Filter>Source Files</Filter>
    </ClCompile>
    <ClCompile Include="tools\skey.c">
      <Filter>Source Files</Filter>
    </ClCompile>
    <ClCompile Include="tools\sslio.c">
      <Filter>Source Files</Filter>
    </ClCompile>
    <ClCompile Include="tools\ta.c">
      <Filter>Source Files</Filter>
    </ClCompile>
    <ClCompile Include="tools\twrch.c">
      <Filter>Source Files</Filter>
    </ClCompile>
    <ClCompile Include="tools\vector.c">
      <Filter>Source Files</Filter>
    </ClCompile>
    <ClCompile Include="tools\verify.c">
      <Filter>Source Files</Filter>
    </ClCompile>
    <ClCompile Include="tools\xmem.c">
      <Filter>Source Files</Filter>
    </ClCompile>
  </ItemGroup>
  <ItemGroup>
    <ClInclude Include="inc\bearssl.h">
      <Filter>Header Files</Filter>
    </ClInclude>
    <ClInclude Include="inc\bearssl_aead.h">
      <Filter>Header Files</Filter>
    </ClInclude>
    <ClInclude Include="inc\bearssl_block.h">
      <Filter>Header Files</Filter>
    </ClInclude>
    <ClInclude Include="inc\bearssl_ec.h">
      <Filter>Header Files</Filter>
    </ClInclude>
    <ClInclude Include="inc\bearssl_hash.h">
      <Filter>Header Files</Filter>
    </ClInclude>
    <ClInclude Include="inc\bearssl_hmac.h">
      <Filter>Header Files</Filter>
    </ClInclude>
    <ClInclude Include="inc\bearssl_pem.h">
      <Filter>Header Files</Filter>
    </ClInclude>
    <ClInclude Include="inc\bearssl_prf.h">
      <Filter>Header Files</Filter>
    </ClInclude>
    <ClInclude Include="inc\bearssl_rand.h">
      <Filter>Header Files</Filter>
    </ClInclude>
    <ClInclude Include="inc\bearssl_rsa.h">
      <Filter>Header Files</Filter>
    </ClInclude>
    <ClInclude Include="inc\bearssl_ssl.h">
      <Filter>Header Files</Filter>
    </ClInclude>
    <ClInclude Include="inc\bearssl_x509.h">
      <Filter>Header Files</Filter>
    </ClInclude>
    <ClInclude Include="samples\chain-ec+rsa.h">
      <Filter>Header Files</Filter>
    </ClInclude>
    <ClInclude Include="samples\chain-ec.h">
      <Filter>Header Files</Filter>
    </ClInclude>
    <ClInclude Include="samples\chain-rsa.h">
      <Filter>Header Files</Filter>
    </ClInclude>
    <ClInclude Include="samples\key-ec.h">
      <Filter>Header Files</Filter>
    </ClInclude>
    <ClInclude Include="samples\key-rsa.h">
      <Filter>Header Files</Filter>
    </ClInclude>
    <ClInclude Include="src\config.h">
      <Filter>Header Files</Filter>
    </ClInclude>
    <ClInclude Include="src\inner.h">
      <Filter>Header Files</Filter>
    </ClInclude>
    <ClInclude Include="tools\brssl.h">
      <Filter>Header Files</Filter>
    </ClInclude>
  </ItemGroup>
</Project>